// !$*UTF8*$!
{
	archiveVersion = 1;
	classes = {
	};
	objectVersion = 50;
	objects = {

/* Begin PBXBuildFile section */
		869875C9224CBA8400AB167F /* AppDelegate.m in Sources */ = {isa = PBXBuildFile; fileRef = 869875C8224CBA8400AB167F /* AppDelegate.m */; };
		869875CC224CBA8400AB167F /* ViewController.m in Sources */ = {isa = PBXBuildFile; fileRef = 869875CB224CBA8400AB167F /* ViewController.m */; };
		869875CF224CBA8400AB167F /* Main.storyboard in Resources */ = {isa = PBXBuildFile; fileRef = 869875CD224CBA8400AB167F /* Main.storyboard */; };
		869875D1224CBA8600AB167F /* Assets.xcassets in Resources */ = {isa = PBXBuildFile; fileRef = 869875D0224CBA8600AB167F /* Assets.xcassets */; };
		869875D4224CBA8600AB167F /* LaunchScreen.storyboard in Resources */ = {isa = PBXBuildFile; fileRef = 869875D2224CBA8600AB167F /* LaunchScreen.storyboard */; };
		869875D7224CBA8600AB167F /* main.m in Sources */ = {isa = PBXBuildFile; fileRef = 869875D6224CBA8600AB167F /* main.m */; };
		869875DF224CBCF000AB167F /* CardView.m in Sources */ = {isa = PBXBuildFile; fileRef = 869875DE224CBCF000AB167F /* CardView.m */; };
		869875E3224CBF4C00AB167F /* OneAdapter.m in Sources */ = {isa = PBXBuildFile; fileRef = 869875E2224CBF4C00AB167F /* OneAdapter.m */; };
		869875E6224CBF5C00AB167F /* TwoAdapter.m in Sources */ = {isa = PBXBuildFile; fileRef = 869875E5224CBF5C00AB167F /* TwoAdapter.m */; };
		86987613224CDB2E00AB167F /* AppDelegate.m in Sources */ = {isa = PBXBuildFile; fileRef = 86987612224CDB2E00AB167F /* AppDelegate.m */; };
		86987616224CDB2E00AB167F /* ViewController.m in Sources */ = {isa = PBXBuildFile; fileRef = 86987615224CDB2E00AB167F /* ViewController.m */; };
		86987619224CDB2E00AB167F /* Main.storyboard in Resources */ = {isa = PBXBuildFile; fileRef = 86987617224CDB2E00AB167F /* Main.storyboard */; };
		8698761B224CDB2F00AB167F /* Assets.xcassets in Resources */ = {isa = PBXBuildFile; fileRef = 8698761A224CDB2F00AB167F /* Assets.xcassets */; };
		8698761E224CDB2F00AB167F /* LaunchScreen.storyboard in Resources */ = {isa = PBXBuildFile; fileRef = 8698761C224CDB2F00AB167F /* LaunchScreen.storyboard */; };
		86987621224CDB2F00AB167F /* main.m in Sources */ = {isa = PBXBuildFile; fileRef = 86987620224CDB2F00AB167F /* main.m */; };
		86987627224CDB5900AB167F /* Baby.m in Sources */ = {isa = PBXBuildFile; fileRef = 86987626224CDB5900AB167F /* Baby.m */; };
		8698762A224CDB7700AB167F /* Nanny.m in Sources */ = {isa = PBXBuildFile; fileRef = 86987629224CDB7700AB167F /* Nanny.m */; };
		86987634224CE0BF00AB167F /* AppDelegate.m in Sources */ = {isa = PBXBuildFile; fileRef = 86987633224CE0BF00AB167F /* AppDelegate.m */; };
		86987637224CE0BF00AB167F /* ViewController.m in Sources */ = {isa = PBXBuildFile; fileRef = 86987636224CE0BF00AB167F /* ViewController.m */; };
		8698763A224CE0BF00AB167F /* Main.storyboard in Resources */ = {isa = PBXBuildFile; fileRef = 86987638224CE0BF00AB167F /* Main.storyboard */; };
		8698763C224CE0C000AB167F /* Assets.xcassets in Resources */ = {isa = PBXBuildFile; fileRef = 8698763B224CE0C000AB167F /* Assets.xcassets */; };
		8698763F224CE0C000AB167F /* LaunchScreen.storyboard in Resources */ = {isa = PBXBuildFile; fileRef = 8698763D224CE0C000AB167F /* LaunchScreen.storyboard */; };
		86987642224CE0C000AB167F /* main.m in Sources */ = {isa = PBXBuildFile; fileRef = 86987641224CE0C000AB167F /* main.m */; };
		8698764A224CE13400AB167F /* BaiduFactory.m in Sources */ = {isa = PBXBuildFile; fileRef = 86987649224CE13400AB167F /* BaiduFactory.m */; };
		8698764D224CE14000AB167F /* GoogleFactory.m in Sources */ = {isa = PBXBuildFile; fileRef = 8698764C224CE14000AB167F /* GoogleFactory.m */; };
		86987650224CE16E00AB167F /* BaiduView.m in Sources */ = {isa = PBXBuildFile; fileRef = 8698764F224CE16E00AB167F /* BaiduView.m */; };
		86987653224CE17700AB167F /* GoogleView.m in Sources */ = {isa = PBXBuildFile; fileRef = 86987652224CE17700AB167F /* GoogleView.m */; };
		86987656224CE18C00AB167F /* Engine.m in Sources */ = {isa = PBXBuildFile; fileRef = 86987655224CE18C00AB167F /* Engine.m */; };
/* End PBXBuildFile section */

/* Begin PBXFileReference section */
		869875C4224CBA8400AB167F /* Protocol.app */ = {isa = PBXFileReference; explicitFileType = wrapper.application; includeInIndex = 0; path = Protocol.app; sourceTree = BUILT_PRODUCTS_DIR; };
		869875C7224CBA8400AB167F /* AppDelegate.h */ = {isa = PBXFileReference; lastKnownFileType = sourcecode.c.h; path = AppDelegate.h; sourceTree = "<group>"; };
		869875C8224CBA8400AB167F /* AppDelegate.m */ = {isa = PBXFileReference; lastKnownFileType = sourcecode.c.objc; path = AppDelegate.m; sourceTree = "<group>"; };
		869875CA224CBA8400AB167F /* ViewController.h */ = {isa = PBXFileReference; lastKnownFileType = sourcecode.c.h; path = ViewController.h; sourceTree = "<group>"; };
		869875CB224CBA8400AB167F /* ViewController.m */ = {isa = PBXFileReference; lastKnownFileType = sourcecode.c.objc; path = ViewController.m; sourceTree = "<group>"; };
		869875CE224CBA8400AB167F /* Base */ = {isa = PBXFileReference; lastKnownFileType = file.storyboard; name = Base; path = Base.lproj/Main.storyboard; sourceTree = "<group>"; };
		869875D0224CBA8600AB167F /* Assets.xcassets */ = {isa = PBXFileReference; lastKnownFileType = folder.assetcatalog; path = Assets.xcassets; sourceTree = "<group>"; };
		869875D3224CBA8600AB167F /* Base */ = {isa = PBXFileReference; lastKnownFileType = file.storyboard; name = Base; path = Base.lproj/LaunchScreen.storyboard; sourceTree = "<group>"; };
		869875D5224CBA8600AB167F /* Info.plist */ = {isa = PBXFileReference; lastKnownFileType = text.plist.xml; path = Info.plist; sourceTree = "<group>"; };
		869875D6224CBA8600AB167F /* main.m */ = {isa = PBXFileReference; lastKnownFileType = sourcecode.c.objc; path = main.m; sourceTree = "<group>"; };
		869875DD224CBCF000AB167F /* CardView.h */ = {isa = PBXFileReference; lastKnownFileType = sourcecode.c.h; path = CardView.h; sourceTree = "<group>"; };
		869875DE224CBCF000AB167F /* CardView.m */ = {isa = PBXFileReference; lastKnownFileType = sourcecode.c.objc; path = CardView.m; sourceTree = "<group>"; };
		869875E0224CBEF600AB167F /* AdapterProtocol.h */ = {isa = PBXFileReference; lastKnownFileType = sourcecode.c.h; path = AdapterProtocol.h; sourceTree = "<group>"; };
		869875E1224CBF4C00AB167F /* OneAdapter.h */ = {isa = PBXFileReference; lastKnownFileType = sourcecode.c.h; path = OneAdapter.h; sourceTree = "<group>"; };
		869875E2224CBF4C00AB167F /* OneAdapter.m */ = {isa = PBXFileReference; lastKnownFileType = sourcecode.c.objc; path = OneAdapter.m; sourceTree = "<group>"; };
		869875E4224CBF5C00AB167F /* TwoAdapter.h */ = {isa = PBXFileReference; lastKnownFileType = sourcecode.c.h; path = TwoAdapter.h; sourceTree = "<group>"; };
		869875E5224CBF5C00AB167F /* TwoAdapter.m */ = {isa = PBXFileReference; lastKnownFileType = sourcecode.c.objc; path = TwoAdapter.m; sourceTree = "<group>"; };
		869875F8224CDA0900AB167F /* Protocol copy-Info.plist */ = {isa = PBXFileReference; lastKnownFileType = text.plist.xml; name = "Protocol copy-Info.plist"; path = "/Users/zhaohe/Desktop/Protocol/Protocol copy-Info.plist"; sourceTree = "<absolute>"; };
		8698760A224CDA8000AB167F /* Protocol copy2-Info.plist */ = {isa = PBXFileReference; lastKnownFileType = text.plist.xml; name = "Protocol copy2-Info.plist"; path = "/Users/zhaohe/Desktop/Protocol/Protocol copy2-Info.plist"; sourceTree = "<absolute>"; };
		8698760F224CDB2E00AB167F /* protocolBaby.app */ = {isa = PBXFileReference; explicitFileType = wrapper.application; includeInIndex = 0; path = protocolBaby.app; sourceTree = BUILT_PRODUCTS_DIR; };
		86987611224CDB2E00AB167F /* AppDelegate.h */ = {isa = PBXFileReference; lastKnownFileType = sourcecode.c.h; path = AppDelegate.h; sourceTree = "<group>"; };
		86987612224CDB2E00AB167F /* AppDelegate.m */ = {isa = PBXFileReference; lastKnownFileType = sourcecode.c.objc; path = AppDelegate.m; sourceTree = "<group>"; };
		86987614224CDB2E00AB167F /* ViewController.h */ = {isa = PBXFileReference; lastKnownFileType = sourcecode.c.h; path = ViewController.h; sourceTree = "<group>"; };
		86987615224CDB2E00AB167F /* ViewController.m */ = {isa = PBXFileReference; lastKnownFileType = sourcecode.c.objc; path = ViewController.m; sourceTree = "<group>"; };
		86987618224CDB2E00AB167F /* Base */ = {isa = PBXFileReference; lastKnownFileType = file.storyboard; name = Base; path = Base.lproj/Main.storyboard; sourceTree = "<group>"; };
		8698761A224CDB2F00AB167F /* Assets.xcassets */ = {isa = PBXFileReference; lastKnownFileType = folder.assetcatalog; path = Assets.xcassets; sourceTree = "<group>"; };
		8698761D224CDB2F00AB167F /* Base */ = {isa = PBXFileReference; lastKnownFileType = file.storyboard; name = Base; path = Base.lproj/LaunchScreen.storyboard; sourceTree = "<group>"; };
		8698761F224CDB2F00AB167F /* Info.plist */ = {isa = PBXFileReference; lastKnownFileType = text.plist.xml; path = Info.plist; sourceTree = "<group>"; };
		86987620224CDB2F00AB167F /* main.m */ = {isa = PBXFileReference; lastKnownFileType = sourcecode.c.objc; path = main.m; sourceTree = "<group>"; };
		86987625224CDB5900AB167F /* Baby.h */ = {isa = PBXFileReference; lastKnownFileType = sourcecode.c.h; path = Baby.h; sourceTree = "<group>"; };
		86987626224CDB5900AB167F /* Baby.m */ = {isa = PBXFileReference; lastKnownFileType = sourcecode.c.objc; path = Baby.m; sourceTree = "<group>"; };
		86987628224CDB7700AB167F /* Nanny.h */ = {isa = PBXFileReference; lastKnownFileType = sourcecode.c.h; path = Nanny.h; sourceTree = "<group>"; };
		86987629224CDB7700AB167F /* Nanny.m */ = {isa = PBXFileReference; lastKnownFileType = sourcecode.c.objc; path = Nanny.m; sourceTree = "<group>"; };
		8698762B224CDB8F00AB167F /* BabyProtocol.h */ = {isa = PBXFileReference; lastKnownFileType = sourcecode.c.h; path = BabyProtocol.h; sourceTree = "<group>"; };
		86987630224CE0BF00AB167F /* protocolMap.app */ = {isa = PBXFileReference; explicitFileType = wrapper.application; includeInIndex = 0; path = protocolMap.app; sourceTree = BUILT_PRODUCTS_DIR; };
		86987632224CE0BF00AB167F /* AppDelegate.h */ = {isa = PBXFileReference; lastKnownFileType = sourcecode.c.h; path = AppDelegate.h; sourceTree = "<group>"; };
		86987633224CE0BF00AB167F /* AppDelegate.m */ = {isa = PBXFileReference; lastKnownFileType = sourcecode.c.objc; path = AppDelegate.m; sourceTree = "<group>"; };
		86987635224CE0BF00AB167F /* ViewController.h */ = {isa = PBXFileReference; lastKnownFileType = sourcecode.c.h; path = ViewController.h; sourceTree = "<group>"; };
		86987636224CE0BF00AB167F /* ViewController.m */ = {isa = PBXFileReference; lastKnownFileType = sourcecode.c.objc; path = ViewController.m; sourceTree = "<group>"; };
		86987639224CE0BF00AB167F /* Base */ = {isa = PBXFileReference; lastKnownFileType = file.storyboard; name = Base; path = Base.lproj/Main.storyboard; sourceTree = "<group>"; };
		8698763B224CE0C000AB167F /* Assets.xcassets */ = {isa = PBXFileReference; lastKnownFileType = folder.assetcatalog; path = Assets.xcassets; sourceTree = "<group>"; };
		8698763E224CE0C000AB167F /* Base */ = {isa = PBXFileReference; lastKnownFileType = file.storyboard; name = Base; path = Base.lproj/LaunchScreen.storyboard; sourceTree = "<group>"; };
		86987640224CE0C000AB167F /* Info.plist */ = {isa = PBXFileReference; lastKnownFileType = text.plist.xml; path = Info.plist; sourceTree = "<group>"; };
		86987641224CE0C000AB167F /* main.m */ = {isa = PBXFileReference; lastKnownFileType = sourcecode.c.objc; path = main.m; sourceTree = "<group>"; };
		86987646224CE0E300AB167F /* FactoryProtocol.h */ = {isa = PBXFileReference; lastKnownFileType = sourcecode.c.h; path = FactoryProtocol.h; sourceTree = "<group>"; };
		86987647224CE0FE00AB167F /* MapViewProtocol.h */ = {isa = PBXFileReference; lastKnownFileType = sourcecode.c.h; path = MapViewProtocol.h; sourceTree = "<group>"; };
		86987648224CE13400AB167F /* BaiduFactory.h */ = {isa = PBXFileReference; lastKnownFileType = sourcecode.c.h; path = BaiduFactory.h; sourceTree = "<group>"; };
		86987649224CE13400AB167F /* BaiduFactory.m */ = {isa = PBXFileReference; lastKnownFileType = sourcecode.c.objc; path = BaiduFactory.m; sourceTree = "<group>"; };
		8698764B224CE14000AB167F /* GoogleFactory.h */ = {isa = PBXFileReference; lastKnownFileType = sourcecode.c.h; path = GoogleFactory.h; sourceTree = "<group>"; };
		8698764C224CE14000AB167F /* GoogleFactory.m */ = {isa = PBXFileReference; lastKnownFileType = sourcecode.c.objc; path = GoogleFactory.m; sourceTree = "<group>"; };
		8698764E224CE16E00AB167F /* BaiduView.h */ = {isa = PBXFileReference; lastKnownFileType = sourcecode.c.h; path = BaiduView.h; sourceTree = "<group>"; };
		8698764F224CE16E00AB167F /* BaiduView.m */ = {isa = PBXFileReference; lastKnownFileType = sourcecode.c.objc; path = BaiduView.m; sourceTree = "<group>"; };
		86987651224CE17700AB167F /* GoogleView.h */ = {isa = PBXFileReference; lastKnownFileType = sourcecode.c.h; path = GoogleView.h; sourceTree = "<group>"; };
		86987652224CE17700AB167F /* GoogleView.m */ = {isa = PBXFileReference; lastKnownFileType = sourcecode.c.objc; path = GoogleView.m; sourceTree = "<group>"; };
		86987654224CE18C00AB167F /* Engine.h */ = {isa = PBXFileReference; lastKnownFileType = sourcecode.c.h; path = Engine.h; sourceTree = "<group>"; };
		86987655224CE18C00AB167F /* Engine.m */ = {isa = PBXFileReference; lastKnownFileType = sourcecode.c.objc; path = Engine.m; sourceTree = "<group>"; };
/* End PBXFileReference section */

/* Begin PBXFrameworksBuildPhase section */
		869875C1224CBA8400AB167F /* Frameworks */ = {
			isa = PBXFrameworksBuildPhase;
			buildActionMask = 2147483647;
			files = (
			);
			runOnlyForDeploymentPostprocessing = 0;
		};
		8698760C224CDB2E00AB167F /* Frameworks */ = {
			isa = PBXFrameworksBuildPhase;
			buildActionMask = 2147483647;
			files = (
			);
			runOnlyForDeploymentPostprocessing = 0;
		};
		8698762D224CE0BF00AB167F /* Frameworks */ = {
			isa = PBXFrameworksBuildPhase;
			buildActionMask = 2147483647;
			files = (
			);
			runOnlyForDeploymentPostprocessing = 0;
		};
/* End PBXFrameworksBuildPhase section */

/* Begin PBXGroup section */
		869875BB224CBA8400AB167F = {
			isa = PBXGroup;
			children = (
				869875C6224CBA8400AB167F /* Protocol */,
				86987610224CDB2E00AB167F /* protocolBaby */,
				86987631224CE0BF00AB167F /* protocolMap */,
				869875C5224CBA8400AB167F /* Products */,
				869875F8224CDA0900AB167F /* Protocol copy-Info.plist */,
				8698760A224CDA8000AB167F /* Protocol copy2-Info.plist */,
			);
			sourceTree = "<group>";
		};
		869875C5224CBA8400AB167F /* Products */ = {
			isa = PBXGroup;
			children = (
				869875C4224CBA8400AB167F /* Protocol.app */,
				8698760F224CDB2E00AB167F /* protocolBaby.app */,
				86987630224CE0BF00AB167F /* protocolMap.app */,
			);
			name = Products;
			sourceTree = "<group>";
		};
		869875C6224CBA8400AB167F /* Protocol */ = {
			isa = PBXGroup;
			children = (
				869875C7224CBA8400AB167F /* AppDelegate.h */,
				869875C8224CBA8400AB167F /* AppDelegate.m */,
				869875CA224CBA8400AB167F /* ViewController.h */,
				869875CB224CBA8400AB167F /* ViewController.m */,
				869875E0224CBEF600AB167F /* AdapterProtocol.h */,
				869875DD224CBCF000AB167F /* CardView.h */,
				869875DE224CBCF000AB167F /* CardView.m */,
				869875E1224CBF4C00AB167F /* OneAdapter.h */,
				869875E2224CBF4C00AB167F /* OneAdapter.m */,
				869875E4224CBF5C00AB167F /* TwoAdapter.h */,
				869875E5224CBF5C00AB167F /* TwoAdapter.m */,
				869875CD224CBA8400AB167F /* Main.storyboard */,
				869875D0224CBA8600AB167F /* Assets.xcassets */,
				869875D2224CBA8600AB167F /* LaunchScreen.storyboard */,
				869875D5224CBA8600AB167F /* Info.plist */,
				869875D6224CBA8600AB167F /* main.m */,
			);
			path = Protocol;
			sourceTree = "<group>";
		};
		86987610224CDB2E00AB167F /* protocolBaby */ = {
			isa = PBXGroup;
			children = (
				86987611224CDB2E00AB167F /* AppDelegate.h */,
				86987612224CDB2E00AB167F /* AppDelegate.m */,
				86987614224CDB2E00AB167F /* ViewController.h */,
				86987615224CDB2E00AB167F /* ViewController.m */,
				8698762B224CDB8F00AB167F /* BabyProtocol.h */,
				86987625224CDB5900AB167F /* Baby.h */,
				86987626224CDB5900AB167F /* Baby.m */,
				86987628224CDB7700AB167F /* Nanny.h */,
				86987629224CDB7700AB167F /* Nanny.m */,
				86987617224CDB2E00AB167F /* Main.storyboard */,
				8698761A224CDB2F00AB167F /* Assets.xcassets */,
				8698761C224CDB2F00AB167F /* LaunchScreen.storyboard */,
				8698761F224CDB2F00AB167F /* Info.plist */,
				86987620224CDB2F00AB167F /* main.m */,
			);
			path = protocolBaby;
			sourceTree = "<group>";
		};
		86987631224CE0BF00AB167F /* protocolMap */ = {
			isa = PBXGroup;
			children = (
				86987632224CE0BF00AB167F /* AppDelegate.h */,
				86987633224CE0BF00AB167F /* AppDelegate.m */,
				86987635224CE0BF00AB167F /* ViewController.h */,
				86987636224CE0BF00AB167F /* ViewController.m */,
				86987646224CE0E300AB167F /* FactoryProtocol.h */,
				86987647224CE0FE00AB167F /* MapViewProtocol.h */,
				86987648224CE13400AB167F /* BaiduFactory.h */,
				86987649224CE13400AB167F /* BaiduFactory.m */,
				8698764B224CE14000AB167F /* GoogleFactory.h */,
				8698764C224CE14000AB167F /* GoogleFactory.m */,
				8698764E224CE16E00AB167F /* BaiduView.h */,
				8698764F224CE16E00AB167F /* BaiduView.m */,
				86987651224CE17700AB167F /* GoogleView.h */,
				86987652224CE17700AB167F /* GoogleView.m */,
				86987654224CE18C00AB167F /* Engine.h */,
				86987655224CE18C00AB167F /* Engine.m */,
				86987638224CE0BF00AB167F /* Main.storyboard */,
				8698763B224CE0C000AB167F /* Assets.xcassets */,
				8698763D224CE0C000AB167F /* LaunchScreen.storyboard */,
				86987640224CE0C000AB167F /* Info.plist */,
				86987641224CE0C000AB167F /* main.m */,
			);
			path = protocolMap;
			sourceTree = "<group>";
		};
/* End PBXGroup section */

/* Begin PBXNativeTarget section */
		869875C3224CBA8400AB167F /* Protocol */ = {
			isa = PBXNativeTarget;
			buildConfigurationList = 869875DA224CBA8600AB167F /* Build configuration list for PBXNativeTarget "Protocol" */;
			buildPhases = (
				869875C0224CBA8400AB167F /* Sources */,
				869875C1224CBA8400AB167F /* Frameworks */,
				869875C2224CBA8400AB167F /* Resources */,
			);
			buildRules = (
			);
			dependencies = (
			);
			name = Protocol;
			productName = Protocol;
			productReference = 869875C4224CBA8400AB167F /* Protocol.app */;
			productType = "com.apple.product-type.application";
		};
		8698760E224CDB2E00AB167F /* protocolBaby */ = {
			isa = PBXNativeTarget;
			buildConfigurationList = 86987622224CDB2F00AB167F /* Build configuration list for PBXNativeTarget "protocolBaby" */;
			buildPhases = (
				8698760B224CDB2E00AB167F /* Sources */,
				8698760C224CDB2E00AB167F /* Frameworks */,
				8698760D224CDB2E00AB167F /* Resources */,
			);
			buildRules = (
			);
			dependencies = (
			);
			name = protocolBaby;
			productName = protocolBaby;
			productReference = 8698760F224CDB2E00AB167F /* protocolBaby.app */;
			productType = "com.apple.product-type.application";
		};
		8698762F224CE0BF00AB167F /* protocolMap */ = {
			isa = PBXNativeTarget;
			buildConfigurationList = 86987643224CE0C000AB167F /* Build configuration list for PBXNativeTarget "protocolMap" */;
			buildPhases = (
				8698762C224CE0BF00AB167F /* Sources */,
				8698762D224CE0BF00AB167F /* Frameworks */,
				8698762E224CE0BF00AB167F /* Resources */,
			);
			buildRules = (
			);
			dependencies = (
			);
			name = protocolMap;
			productName = protocolMap;
			productReference = 86987630224CE0BF00AB167F /* protocolMap.app */;
			productType = "com.apple.product-type.application";
		};
/* End PBXNativeTarget section */

/* Begin PBXProject section */
		869875BC224CBA8400AB167F /* Project object */ = {
			isa = PBXProject;
			attributes = {
				LastUpgradeCheck = 1010;
				ORGANIZATIONNAME = "赵贺";
				TargetAttributes = {
					869875C3224CBA8400AB167F = {
						CreatedOnToolsVersion = 10.1;
					};
					8698760E224CDB2E00AB167F = {
						CreatedOnToolsVersion = 10.1;
					};
					8698762F224CE0BF00AB167F = {
						CreatedOnToolsVersion = 10.1;
					};
				};
			};
			buildConfigurationList = 869875BF224CBA8400AB167F /* Build configuration list for PBXProject "Protocol" */;
			compatibilityVersion = "Xcode 9.3";
			developmentRegion = en;
			hasScannedForEncodings = 0;
			knownRegions = (
				en,
				Base,
			);
			mainGroup = 869875BB224CBA8400AB167F;
			productRefGroup = 869875C5224CBA8400AB167F /* Products */;
			projectDirPath = "";
			projectRoot = "";
			targets = (
				869875C3224CBA8400AB167F /* Protocol */,
				8698760E224CDB2E00AB167F /* protocolBaby */,
				8698762F224CE0BF00AB167F /* protocolMap */,
			);
		};
/* End PBXProject section */

/* Begin PBXResourcesBuildPhase section */
		869875C2224CBA8400AB167F /* Resources */ = {
			isa = PBXResourcesBuildPhase;
			buildActionMask = 2147483647;
			files = (
				869875D4224CBA8600AB167F /* LaunchScreen.storyboard in Resources */,
				869875D1224CBA8600AB167F /* Assets.xcassets in Resources */,
				869875CF224CBA8400AB167F /* Main.storyboard in Resources */,
			);
			runOnlyForDeploymentPostprocessing = 0;
		};
		8698760D224CDB2E00AB167F /* Resources */ = {
			isa = PBXResourcesBuildPhase;
			buildActionMask = 2147483647;
			files = (
				8698761E224CDB2F00AB167F /* LaunchScreen.storyboard in Resources */,
				8698761B224CDB2F00AB167F /* Assets.xcassets in Resources */,
				86987619224CDB2E00AB167F /* Main.storyboard in Resources */,
			);
			runOnlyForDeploymentPostprocessing = 0;
		};
		8698762E224CE0BF00AB167F /* Resources */ = {
			isa = PBXResourcesBuildPhase;
			buildActionMask = 2147483647;
			files = (
				8698763F224CE0C000AB167F /* LaunchScreen.storyboard in Resources */,
				8698763C224CE0C000AB167F /* Assets.xcassets in Resources */,
				8698763A224CE0BF00AB167F /* Main.storyboard in Resources */,
			);
			runOnlyForDeploymentPostprocessing = 0;
		};
/* End PBXResourcesBuildPhase section */

/* Begin PBXSourcesBuildPhase section */
		869875C0224CBA8400AB167F /* Sources */ = {
			isa = PBXSourcesBuildPhase;
			buildActionMask = 2147483647;
			files = (
				869875E6224CBF5C00AB167F /* TwoAdapter.m in Sources */,
				869875CC224CBA8400AB167F /* ViewController.m in Sources */,
				869875D7224CBA8600AB167F /* main.m in Sources */,
				869875DF224CBCF000AB167F /* CardView.m in Sources */,
				869875C9224CBA8400AB167F /* AppDelegate.m in Sources */,
				869875E3224CBF4C00AB167F /* OneAdapter.m in Sources */,
			);
			runOnlyForDeploymentPostprocessing = 0;
		};
		8698760B224CDB2E00AB167F /* Sources */ = {
			isa = PBXSourcesBuildPhase;
			buildActionMask = 2147483647;
			files = (
				86987616224CDB2E00AB167F /* ViewController.m in Sources */,
				86987621224CDB2F00AB167F /* main.m in Sources */,
				86987613224CDB2E00AB167F /* AppDelegate.m in Sources */,
				86987627224CDB5900AB167F /* Baby.m in Sources */,
				8698762A224CDB7700AB167F /* Nanny.m in Sources */,
			);
			runOnlyForDeploymentPostprocessing = 0;
		};
		8698762C224CE0BF00AB167F /* Sources */ = {
			isa = PBXSourcesBuildPhase;
			buildActionMask = 2147483647;
			files = (
				86987637224CE0BF00AB167F /* ViewController.m in Sources */,
				86987656224CE18C00AB167F /* Engine.m in Sources */,
				86987642224CE0C000AB167F /* main.m in Sources */,
				86987653224CE17700AB167F /* GoogleView.m in Sources */,
				86987650224CE16E00AB167F /* BaiduView.m in Sources */,
				8698764A224CE13400AB167F /* BaiduFactory.m in Sources */,
				86987634224CE0BF00AB167F /* AppDelegate.m in Sources */,
				8698764D224CE14000AB167F /* GoogleFactory.m in Sources */,
			);
			runOnlyForDeploymentPostprocessing = 0;
		};
/* End PBXSourcesBuildPhase section */

/* Begin PBXVariantGroup section */
		869875CD224CBA8400AB167F /* Main.storyboard */ = {
			isa = PBXVariantGroup;
			children = (
				869875CE224CBA8400AB167F /* Base */,
			);
			name = Main.storyboard;
			sourceTree = "<group>";
		};
		869875D2224CBA8600AB167F /* LaunchScreen.storyboard */ = {
			isa = PBXVariantGroup;
			children = (
				869875D3224CBA8600AB167F /* Base */,
			);
			name = LaunchScreen.storyboard;
			sourceTree = "<group>";
		};
		86987617224CDB2E00AB167F /* Main.storyboard */ = {
			isa = PBXVariantGroup;
			children = (
				86987618224CDB2E00AB167F /* Base */,
			);
			name = Main.storyboard;
			sourceTree = "<group>";
		};
		8698761C224CDB2F00AB167F /* LaunchScreen.storyboard */ = {
			isa = PBXVariantGroup;
			children = (
				8698761D224CDB2F00AB167F /* Base */,
			);
			name = LaunchScreen.storyboard;
			sourceTree = "<group>";
		};
		86987638224CE0BF00AB167F /* Main.storyboard */ = {
			isa = PBXVariantGroup;
			children = (
				86987639224CE0BF00AB167F /* Base */,
			);
			name = Main.storyboard;
			sourceTree = "<group>";
		};
		8698763D224CE0C000AB167F /* LaunchScreen.storyboard */ = {
			isa = PBXVariantGroup;
			children = (
				8698763E224CE0C000AB167F /* Base */,
			);
			name = LaunchScreen.storyboard;
			sourceTree = "<group>";
		};
/* End PBXVariantGroup section */

/* Begin XCBuildConfiguration section */
		869875D8224CBA8600AB167F /* Debug */ = {
			isa = XCBuildConfiguration;
			buildSettings = {
				ALWAYS_SEARCH_USER_PATHS = NO;
				CLANG_ANALYZER_NONNULL = YES;
				CLANG_ANALYZER_NUMBER_OBJECT_CONVERSION = YES_AGGRESSIVE;
				CLANG_CXX_LANGUAGE_STANDARD = "gnu++14";
				CLANG_CXX_LIBRARY = "libc++";
				CLANG_ENABLE_MODULES = YES;
				CLANG_ENABLE_OBJC_ARC = YES;
				CLANG_ENABLE_OBJC_WEAK = YES;
				CLANG_WARN_BLOCK_CAPTURE_AUTORELEASING = YES;
				CLANG_WARN_BOOL_CONVERSION = YES;
				CLANG_WARN_COMMA = YES;
				CLANG_WARN_CONSTANT_CONVERSION = YES;
				CLANG_WARN_DEPRECATED_OBJC_IMPLEMENTATIONS = YES;
				CLANG_WARN_DIRECT_OBJC_ISA_USAGE = YES_ERROR;
				CLANG_WARN_DOCUMENTATION_COMMENTS = YES;
				CLANG_WARN_EMPTY_BODY = YES;
				CLANG_WARN_ENUM_CONVERSION = YES;
				CLANG_WARN_INFINITE_RECURSION = YES;
				CLANG_WARN_INT_CONVERSION = YES;
				CLANG_WARN_NON_LITERAL_NULL_CONVERSION = YES;
				CLANG_WARN_OBJC_IMPLICIT_RETAIN_SELF = YES;
				CLANG_WARN_OBJC_LITERAL_CONVERSION = YES;
				CLANG_WARN_OBJC_ROOT_CLASS = YES_ERROR;
				CLANG_WARN_RANGE_LOOP_ANALYSIS = YES;
				CLANG_WARN_STRICT_PROTOTYPES = YES;
				CLANG_WARN_SUSPICIOUS_MOVE = YES;
				CLANG_WARN_UNGUARDED_AVAILABILITY = YES_AGGRESSIVE;
				CLANG_WARN_UNREACHABLE_CODE = YES;
				CLANG_WARN__DUPLICATE_METHOD_MATCH = YES;
				CODE_SIGN_IDENTITY = "iPhone Developer";
				COPY_PHASE_STRIP = NO;
				DEBUG_INFORMATION_FORMAT = dwarf;
				ENABLE_STRICT_OBJC_MSGSEND = YES;
				ENABLE_TESTABILITY = YES;
				GCC_C_LANGUAGE_STANDARD = gnu11;
				GCC_DYNAMIC_NO_PIC = NO;
				GCC_NO_COMMON_BLOCKS = YES;
				GCC_OPTIMIZATION_LEVEL = 0;
				GCC_PREPROCESSOR_DEFINITIONS = (
					"DEBUG=1",
					"$(inherited)",
				);
				GCC_WARN_64_TO_32_BIT_CONVERSION = YES;
				GCC_WARN_ABOUT_RETURN_TYPE = YES_ERROR;
				GCC_WARN_UNDECLARED_SELECTOR = YES;
				GCC_WARN_UNINITIALIZED_AUTOS = YES_AGGRESSIVE;
				GCC_WARN_UNUSED_FUNCTION = YES;
				GCC_WARN_UNUSED_VARIABLE = YES;
				IPHONEOS_DEPLOYMENT_TARGET = 12.1;
				MTL_ENABLE_DEBUG_INFO = INCLUDE_SOURCE;
				MTL_FAST_MATH = YES;
				ONLY_ACTIVE_ARCH = YES;
				SDKROOT = iphoneos;
			};
			name = Debug;
		};
		869875D9224CBA8600AB167F /* Release */ = {
			isa = XCBuildConfiguration;
			buildSettings = {
				ALWAYS_SEARCH_USER_PATHS = NO;
				CLANG_ANALYZER_NONNULL = YES;
				CLANG_ANALYZER_NUMBER_OBJECT_CONVERSION = YES_AGGRESSIVE;
				CLANG_CXX_LANGUAGE_STANDARD = "gnu++14";
				CLANG_CXX_LIBRARY = "libc++";
				CLANG_ENABLE_MODULES = YES;
				CLANG_ENABLE_OBJC_ARC = YES;
				CLANG_ENABLE_OBJC_WEAK = YES;
				CLANG_WARN_BLOCK_CAPTURE_AUTORELEASING = YES;
				CLANG_WARN_BOOL_CONVERSION = YES;
				CLANG_WARN_COMMA = YES;
				CLANG_WARN_CONSTANT_CONVERSION = YES;
				CLANG_WARN_DEPRECATED_OBJC_IMPLEMENTATIONS = YES;
				CLANG_WARN_DIRECT_OBJC_ISA_USAGE = YES_ERROR;
				CLANG_WARN_DOCUMENTATION_COMMENTS = YES;
				CLANG_WARN_EMPTY_BODY = YES;
				CLANG_WARN_ENUM_CONVERSION = YES;
				CLANG_WARN_INFINITE_RECURSION = YES;
				CLANG_WARN_INT_CONVERSION = YES;
				CLANG_WARN_NON_LITERAL_NULL_CONVERSION = YES;
				CLANG_WARN_OBJC_IMPLICIT_RETAIN_SELF = YES;
				CLANG_WARN_OBJC_LITERAL_CONVERSION = YES;
				CLANG_WARN_OBJC_ROOT_CLASS = YES_ERROR;
				CLANG_WARN_RANGE_LOOP_ANALYSIS = YES;
				CLANG_WARN_STRICT_PROTOTYPES = YES;
				CLANG_WARN_SUSPICIOUS_MOVE = YES;
				CLANG_WARN_UNGUARDED_AVAILABILITY = YES_AGGRESSIVE;
				CLANG_WARN_UNREACHABLE_CODE = YES;
				CLANG_WARN__DUPLICATE_METHOD_MATCH = YES;
				CODE_SIGN_IDENTITY = "iPhone Developer";
				COPY_PHASE_STRIP = NO;
				DEBUG_INFORMATION_FORMAT = "dwarf-with-dsym";
				ENABLE_NS_ASSERTIONS = NO;
				ENABLE_STRICT_OBJC_MSGSEND = YES;
				GCC_C_LANGUAGE_STANDARD = gnu11;
				GCC_NO_COMMON_BLOCKS = YES;
				GCC_WARN_64_TO_32_BIT_CONVERSION = YES;
				GCC_WARN_ABOUT_RETURN_TYPE = YES_ERROR;
				GCC_WARN_UNDECLARED_SELECTOR = YES;
				GCC_WARN_UNINITIALIZED_AUTOS = YES_AGGRESSIVE;
				GCC_WARN_UNUSED_FUNCTION = YES;
				GCC_WARN_UNUSED_VARIABLE = YES;
				IPHONEOS_DEPLOYMENT_TARGET = 12.1;
				MTL_ENABLE_DEBUG_INFO = NO;
				MTL_FAST_MATH = YES;
				SDKROOT = iphoneos;
				VALIDATE_PRODUCT = YES;
			};
			name = Release;
		};
		869875DB224CBA8600AB167F /* Debug */ = {
			isa = XCBuildConfiguration;
			buildSettings = {
				ASSETCATALOG_COMPILER_APPICON_NAME = AppIcon;
				CODE_SIGN_STYLE = Automatic;
				DEVELOPMENT_TEAM = EZ7XMU3VAV;
				INFOPLIST_FILE = Protocol/Info.plist;
				LD_RUNPATH_SEARCH_PATHS = (
					"$(inherited)",
					"@executable_path/Frameworks",
				);
				PRODUCT_BUNDLE_IDENTIFIER = com.p2peye.Protocol;
				PRODUCT_NAME = "$(TARGET_NAME)";
				TARGETED_DEVICE_FAMILY = "1,2";
			};
			name = Debug;
		};
		869875DC224CBA8600AB167F /* Release */ = {
			isa = XCBuildConfiguration;
			buildSettings = {
				ASSETCATALOG_COMPILER_APPICON_NAME = AppIcon;
				CODE_SIGN_STYLE = Automatic;
				DEVELOPMENT_TEAM = EZ7XMU3VAV;
				INFOPLIST_FILE = Protocol/Info.plist;
				LD_RUNPATH_SEARCH_PATHS = (
					"$(inherited)",
					"@executable_path/Frameworks",
				);
				PRODUCT_BUNDLE_IDENTIFIER = com.p2peye.Protocol;
				PRODUCT_NAME = "$(TARGET_NAME)";
				TARGETED_DEVICE_FAMILY = "1,2";
			};
			name = Release;
		};
		86987623224CDB2F00AB167F /* Debug */ = {
			isa = XCBuildConfiguration;
			buildSettings = {
				ASSETCATALOG_COMPILER_APPICON_NAME = AppIcon;
				CODE_SIGN_STYLE = Automatic;
				DEVELOPMENT_TEAM = EZ7XMU3VAV;
				INFOPLIST_FILE = protocolBaby/Info.plist;
				LD_RUNPATH_SEARCH_PATHS = (
					"$(inherited)",
					"@executable_path/Frameworks",
				);
				PRODUCT_BUNDLE_IDENTIFIER = com.p2peye.protocolBaby;
				PRODUCT_NAME = "$(TARGET_NAME)";
				TARGETED_DEVICE_FAMILY = "1,2";
			};
			name = Debug;
		};
		86987624224CDB2F00AB167F /* Release */ = {
			isa = XCBuildConfiguration;
			buildSettings = {
				ASSETCATALOG_COMPILER_APPICON_NAME = AppIcon;
				CODE_SIGN_STYLE = Automatic;
				DEVELOPMENT_TEAM = EZ7XMU3VAV;
				INFOPLIST_FILE = protocolBaby/Info.plist;
				LD_RUNPATH_SEARCH_PATHS = (
					"$(inherited)",
					"@executable_path/Frameworks",
				);
				PRODUCT_BUNDLE_IDENTIFIER = com.p2peye.protocolBaby;
				PRODUCT_NAME = "$(TARGET_NAME)";
				TARGETED_DEVICE_FAMILY = "1,2";
			};
			name = Release;
		};
		86987644224CE0C000AB167F /* Debug */ = {
			isa = XCBuildConfiguration;
			buildSettings = {
				ASSETCATALOG_COMPILER_APPICON_NAME = AppIcon;
				CODE_SIGN_STYLE = Automatic;
				DEVELOPMENT_TEAM = EZ7XMU3VAV;
				INFOPLIST_FILE = protocolMap/Info.plist;
				LD_RUNPATH_SEARCH_PATHS = (
					"$(inherited)",
					"@executable_path/Frameworks",
				);
				PRODUCT_BUNDLE_IDENTIFIER = com.p2peye.protocolMap;
				PRODUCT_NAME = "$(TARGET_NAME)";
				TARGETED_DEVICE_FAMILY = "1,2";
			};
			name = Debug;
		};
		86987645224CE0C000AB167F /* Release */ = {
			isa = XCBuildConfiguration;
			buildSettings = {
				ASSETCATALOG_COMPILER_APPICON_NAME = AppIcon;
				CODE_SIGN_STYLE = Automatic;
				DEVELOPMENT_TEAM = EZ7XMU3VAV;
				INFOPLIST_FILE = protocolMap/Info.plist;
				LD_RUNPATH_SEARCH_PATHS = (
					"$(inherited)",
					"@executable_path/Frameworks",
				);
				PRODUCT_BUNDLE_IDENTIFIER = com.p2peye.protocolMap;
				PRODUCT_NAME = "$(TARGET_NAME)";
				TARGETED_DEVICE_FAMILY = "1,2";
			};
			name = Release;
		};
/* End XCBuildConfiguration section */

/* Begin XCConfigurationList section */
		869875BF224CBA8400AB167F /* Build configuration list for PBXProject "Protocol" */ = {
			isa = XCConfigurationList;
			buildConfigurations = (
				869875D8224CBA8600AB167F /* Debug */,
				869875D9224CBA8600AB167F /* Release */,
			);
			defaultConfigurationIsVisible = 0;
			defaultConfigurationName = Release;
		};
		869875DA224CBA8600AB167F /* Build configuration list for PBXNativeTarget "Protocol" */ = {
			isa = XCConfigurationList;
			buildConfigurations = (
				869875DB224CBA8600AB167F /* Debug */,
				869875DC224CBA8600AB167F /* Release */,
			);
			defaultConfigurationIsVisible = 0;
			defaultConfigurationName = Release;
		};
		86987622224CDB2F00AB167F /* Build configuration list for PBXNativeTarget "protocolBaby" */ = {
			isa = XCConfigurationList;
			buildConfigurations = (
				86987623224CDB2F00AB167F /* Debug */,
				86987624224CDB2F00AB167F /* Release */,
			);
			defaultConfigurationIsVisible = 0;
			defaultConfigurationName = Release;
		};
		86987643224CE0C000AB167F /* Build configuration list for PBXNativeTarget "protocolMap" */ = {
			isa = XCConfigurationList;
			buildConfigurations = (
				86987644224CE0C000AB167F /* Debug */,
				86987645224CE0C000AB167F /* Release */,
			);
			defaultConfigurationIsVisible = 0;
			defaultConfigurationName = Release;
		};
/* End XCConfigurationList section */
	};
	rootObject = 869875BC224CBA8400AB167F /* Project object */;
}
